
Microsoft Visual Studio Solution File, Format Version 12.00
# Visual Studio Version 16
VisualStudioVersion = 16.0.30114.105
MinimumVisualStudioVersion = 10.0.40219.1
Project("{FAE04EC0-301F-11D3-BF4B-00C04F79EFBC}") = "ENEL712 Mini Project", "ENEL712 Mini Project\ENEL712 Mini Project.csproj", "{89E11216-A078-4579-A5A0-A4AA9C115111}"
EndProject
Global
	GlobalSection(SolutionConfigurationPlatforms) = preSolution
		Debug|Any CPU = Debug|Any CPU
		Release|Any CPU = Release|Any CPU
	EndGlobalSection
	GlobalSection(ProjectConfigurationPlatforms) = postSolution
		{89E11216-A078-4579-A5A0-A4AA9C115111}.Debug|Any CPU.ActiveCfg = Debug|Any CPU
		{89E11216-A078-4579-A5A0-A4AA9C115111}.Debug|Any CPU.Build.0 = Debug|Any CPU
		{89E11216-A078-4579-A5A0-A4AA9C115111}.Release|Any CPU.ActiveCfg = Release|Any CPU
		{89E11216-A078-4579-A5A0-A4AA9C115111}.Release|Any CPU.Build.0 = Release|Any CPU
	EndGlobalSection
	GlobalSection(SolutionProperties) = preSolution
		HideSolutionNode = FALSE
	EndGlobalSection
	GlobalSection(ExtensibilityGlobals) = postSolution
		SolutionGuid = {2C1C0491-20C3-4111-98E6-7D0B6A721893}
	EndGlobalSection
EndGlobal
